
Microsoft Visual Studio Solution File, Format Version 12.00
# Visual Studio 15
VisualStudioVersion = 15.0.27428.2037
MinimumVisualStudioVersion = 10.0.40219.1
Project("{FAE04EC0-301F-11D3-BF4B-00C04F79EFBC}") = "Uzduotis", "Uzduotis\Uzduotis.csproj", "{5981EABB-5691-4834-AFA2-2973024C217A}"
EndProject
Global
	GlobalSection(SolutionConfigurationPlatforms) = preSolution
		Debug|Any CPU = Debug|Any CPU
		Release|Any CPU = Release|Any CPU
	EndGlobalSection
	GlobalSection(ProjectConfigurationPlatforms) = postSolution
		{5981EABB-5691-4834-AFA2-2973024C217A}.Debug|Any CPU.ActiveCfg = Debug|Any CPU
		{5981EABB-5691-4834-AFA2-2973024C217A}.Debug|Any CPU.Build.0 = Debug|Any CPU
		{5981EABB-5691-4834-AFA2-2973024C217A}.Release|Any CPU.ActiveCfg = Release|Any CPU
		{5981EABB-5691-4834-AFA2-2973024C217A}.Release|Any CPU.Build.0 = Release|Any CPU
	EndGlobalSection
	GlobalSection(SolutionProperties) = preSolution
		HideSolutionNode = FALSE
	EndGlobalSection
	GlobalSection(ExtensibilityGlobals) = postSolution
		SolutionGuid = {F066D59D-A036-40DC-92D7-2CD066E41553}
	EndGlobalSection
EndGlobal
